// !$*UTF8*$!
{
	archiveVersion = 1;
	classes = {
	};
	objectVersion = 50;
	objects = {

/* Begin PBXBuildFile section */
		61A3DBF865BC73C795488D4F /* Pods_picshowteam.framework in Frameworks */ = {isa = PBXBuildFile; fileRef = CE253DBD3ED56F90D757ACDB /* Pods_picshowteam.framework */; };
		76F32BED21EC7AA700EF8062 /* AppDelegate.swift in Sources */ = {isa = PBXBuildFile; fileRef = 76F32BEC21EC7AA700EF8062 /* AppDelegate.swift */; };
		76F32BEF21EC7AA700EF8062 /* ImageCollectionViewController.swift in Sources */ = {isa = PBXBuildFile; fileRef = 76F32BEE21EC7AA700EF8062 /* ImageCollectionViewController.swift */; };
		76F32BF221EC7AA700EF8062 /* Main.storyboard in Resources */ = {isa = PBXBuildFile; fileRef = 76F32BF021EC7AA700EF8062 /* Main.storyboard */; };
		76F32BF421EC7AA700EF8062 /* Assets.xcassets in Resources */ = {isa = PBXBuildFile; fileRef = 76F32BF321EC7AA700EF8062 /* Assets.xcassets */; };
		76F32BF721EC7AA700EF8062 /* LaunchScreen.storyboard in Resources */ = {isa = PBXBuildFile; fileRef = 76F32BF521EC7AA700EF8062 /* LaunchScreen.storyboard */; };
		76F32C0221EC7AA800EF8062 /* picshowteamTests.swift in Sources */ = {isa = PBXBuildFile; fileRef = 76F32C0121EC7AA800EF8062 /* picshowteamTests.swift */; };
		76F32C0D21EC7C7E00EF8062 /* ImageProvider.swift in Sources */ = {isa = PBXBuildFile; fileRef = 76F32C0C21EC7C7E00EF8062 /* ImageProvider.swift */; };
		76F32C0F21EC825E00EF8062 /* FlickerProvider.swift in Sources */ = {isa = PBXBuildFile; fileRef = 76F32C0E21EC825E00EF8062 /* FlickerProvider.swift */; };
		76F32C1721ECB28A00EF8062 /* ImageModel.swift in Sources */ = {isa = PBXBuildFile; fileRef = 76F32C1621ECB28A00EF8062 /* ImageModel.swift */; };
		76F32C1921ECCA8500EF8062 /* ImageCell.swift in Sources */ = {isa = PBXBuildFile; fileRef = 76F32C1821ECCA8500EF8062 /* ImageCell.swift */; };
		76F32C1B21ECD1FD00EF8062 /* AsyncImageView.swift in Sources */ = {isa = PBXBuildFile; fileRef = 76F32C1A21ECD1FD00EF8062 /* AsyncImageView.swift */; };
		76F32C1D21EDC2D900EF8062 /* ImageCollectionSearchReusableView.swift in Sources */ = {isa = PBXBuildFile; fileRef = 76F32C1C21EDC2D900EF8062 /* ImageCollectionSearchReusableView.swift */; };
		D81723CBEBE8D10869815687 /* Pods_picshowteamTests.framework in Frameworks */ = {isa = PBXBuildFile; fileRef = 6860BD9839C90979AAC6C684 /* Pods_picshowteamTests.framework */; };
/* End PBXBuildFile section */

/* Begin PBXContainerItemProxy section */
		76F32BFE21EC7AA800EF8062 /* PBXContainerItemProxy */ = {
			isa = PBXContainerItemProxy;
			containerPortal = 76F32BE121EC7AA700EF8062 /* Project object */;
			proxyType = 1;
			remoteGlobalIDString = 76F32BE821EC7AA700EF8062;
			remoteInfo = picshowteam;
		};
/* End PBXContainerItemProxy section */

/* Begin PBXFileReference section */
		64D90BB6B219CEB29C89FBB1 /* Pods-picshowteamTests.release.xcconfig */ = {isa = PBXFileReference; includeInIndex = 1; lastKnownFileType = text.xcconfig; name = "Pods-picshowteamTests.release.xcconfig"; path = "Pods/Target Support Files/Pods-picshowteamTests/Pods-picshowteamTests.release.xcconfig"; sourceTree = "<group>"; };
		6860BD9839C90979AAC6C684 /* Pods_picshowteamTests.framework */ = {isa = PBXFileReference; explicitFileType = wrapper.framework; includeInIndex = 0; path = Pods_picshowteamTests.framework; sourceTree = BUILT_PRODUCTS_DIR; };
		76F32BE921EC7AA700EF8062 /* picshowteam.app */ = {isa = PBXFileReference; explicitFileType = wrapper.application; includeInIndex = 0; path = picshowteam.app; sourceTree = BUILT_PRODUCTS_DIR; };
		76F32BEC21EC7AA700EF8062 /* AppDelegate.swift */ = {isa = PBXFileReference; lastKnownFileType = sourcecode.swift; path = AppDelegate.swift; sourceTree = "<group>"; };
		76F32BEE21EC7AA700EF8062 /* ImageCollectionViewController.swift */ = {isa = PBXFileReference; lastKnownFileType = sourcecode.swift; path = ImageCollectionViewController.swift; sourceTree = "<group>"; };
		76F32BF121EC7AA700EF8062 /* Base */ = {isa = PBXFileReference; lastKnownFileType = file.storyboard; name = Base; path = Base.lproj/Main.storyboard; sourceTree = "<group>"; };
		76F32BF321EC7AA700EF8062 /* Assets.xcassets */ = {isa = PBXFileReference; lastKnownFileType = folder.assetcatalog; path = Assets.xcassets; sourceTree = "<group>"; };
		76F32BF621EC7AA700EF8062 /* Base */ = {isa = PBXFileReference; lastKnownFileType = file.storyboard; name = Base; path = Base.lproj/LaunchScreen.storyboard; sourceTree = "<group>"; };
		76F32BF821EC7AA700EF8062 /* Info.plist */ = {isa = PBXFileReference; lastKnownFileType = text.plist.xml; path = Info.plist; sourceTree = "<group>"; };
		76F32BFD21EC7AA700EF8062 /* picshowteamTests.xctest */ = {isa = PBXFileReference; explicitFileType = wrapper.cfbundle; includeInIndex = 0; path = picshowteamTests.xctest; sourceTree = BUILT_PRODUCTS_DIR; };
		76F32C0121EC7AA800EF8062 /* picshowteamTests.swift */ = {isa = PBXFileReference; lastKnownFileType = sourcecode.swift; path = picshowteamTests.swift; sourceTree = "<group>"; };
		76F32C0321EC7AA800EF8062 /* Info.plist */ = {isa = PBXFileReference; lastKnownFileType = text.plist.xml; path = Info.plist; sourceTree = "<group>"; };
		76F32C0C21EC7C7E00EF8062 /* ImageProvider.swift */ = {isa = PBXFileReference; lastKnownFileType = sourcecode.swift; path = ImageProvider.swift; sourceTree = "<group>"; };
		76F32C0E21EC825E00EF8062 /* FlickerProvider.swift */ = {isa = PBXFileReference; lastKnownFileType = sourcecode.swift; path = FlickerProvider.swift; sourceTree = "<group>"; };
		76F32C1621ECB28A00EF8062 /* ImageModel.swift */ = {isa = PBXFileReference; lastKnownFileType = sourcecode.swift; path = ImageModel.swift; sourceTree = "<group>"; };
		76F32C1821ECCA8500EF8062 /* ImageCell.swift */ = {isa = PBXFileReference; lastKnownFileType = sourcecode.swift; path = ImageCell.swift; sourceTree = "<group>"; };
		76F32C1A21ECD1FD00EF8062 /* AsyncImageView.swift */ = {isa = PBXFileReference; lastKnownFileType = sourcecode.swift; path = AsyncImageView.swift; sourceTree = "<group>"; };
		76F32C1C21EDC2D900EF8062 /* ImageCollectionSearchReusableView.swift */ = {isa = PBXFileReference; lastKnownFileType = sourcecode.swift; path = ImageCollectionSearchReusableView.swift; sourceTree = "<group>"; };
		CE253DBD3ED56F90D757ACDB /* Pods_picshowteam.framework */ = {isa = PBXFileReference; explicitFileType = wrapper.framework; includeInIndex = 0; path = Pods_picshowteam.framework; sourceTree = BUILT_PRODUCTS_DIR; };
		E371688DA3B244C53325E197 /* Pods-picshowteamTests.debug.xcconfig */ = {isa = PBXFileReference; includeInIndex = 1; lastKnownFileType = text.xcconfig; name = "Pods-picshowteamTests.debug.xcconfig"; path = "Pods/Target Support Files/Pods-picshowteamTests/Pods-picshowteamTests.debug.xcconfig"; sourceTree = "<group>"; };
		EA061301DC1A10C6EA2C5495 /* Pods-picshowteam.debug.xcconfig */ = {isa = PBXFileReference; includeInIndex = 1; lastKnownFileType = text.xcconfig; name = "Pods-picshowteam.debug.xcconfig"; path = "Pods/Target Support Files/Pods-picshowteam/Pods-picshowteam.debug.xcconfig"; sourceTree = "<group>"; };
		FFE2C543C2928E7B4F49F15C /* Pods-picshowteam.release.xcconfig */ = {isa = PBXFileReference; includeInIndex = 1; lastKnownFileType = text.xcconfig; name = "Pods-picshowteam.release.xcconfig"; path = "Pods/Target Support Files/Pods-picshowteam/Pods-picshowteam.release.xcconfig"; sourceTree = "<group>"; };
/* End PBXFileReference section */

/* Begin PBXFrameworksBuildPhase section */
		76F32BE621EC7AA700EF8062 /* Frameworks */ = {
			isa = PBXFrameworksBuildPhase;
			buildActionMask = 2147483647;
			files = (
				61A3DBF865BC73C795488D4F /* Pods_picshowteam.framework in Frameworks */,
			);
			runOnlyForDeploymentPostprocessing = 0;
		};
		76F32BFA21EC7AA700EF8062 /* Frameworks */ = {
			isa = PBXFrameworksBuildPhase;
			buildActionMask = 2147483647;
			files = (
				D81723CBEBE8D10869815687 /* Pods_picshowteamTests.framework in Frameworks */,
			);
			runOnlyForDeploymentPostprocessing = 0;
		};
/* End PBXFrameworksBuildPhase section */

/* Begin PBXGroup section */
		5BDC79434F5A51D280A6205D /* Frameworks */ = {
			isa = PBXGroup;
			children = (
				CE253DBD3ED56F90D757ACDB /* Pods_picshowteam.framework */,
				6860BD9839C90979AAC6C684 /* Pods_picshowteamTests.framework */,
			);
			name = Frameworks;
			sourceTree = "<group>";
		};
		76F32BE021EC7AA700EF8062 = {
			isa = PBXGroup;
			children = (
				76F32BEB21EC7AA700EF8062 /* picshowteam */,
				76F32C0021EC7AA800EF8062 /* picshowteamTests */,
				76F32BEA21EC7AA700EF8062 /* Products */,
				A7D611BA0F66B36D8901DC84 /* Pods */,
				5BDC79434F5A51D280A6205D /* Frameworks */,
			);
			sourceTree = "<group>";
		};
		76F32BEA21EC7AA700EF8062 /* Products */ = {
			isa = PBXGroup;
			children = (
				76F32BE921EC7AA700EF8062 /* picshowteam.app */,
				76F32BFD21EC7AA700EF8062 /* picshowteamTests.xctest */,
			);
			name = Products;
			sourceTree = "<group>";
		};
		76F32BEB21EC7AA700EF8062 /* picshowteam */ = {
			isa = PBXGroup;
			children = (
				76F32C1521ECB25C00EF8062 /* Controllers */,
				76F32C1421ECB25000EF8062 /* Models */,
				76F32C1321ECB24600EF8062 /* Networking */,
				76F32C1021ECB21500EF8062 /* UI */,
				76F32BEC21EC7AA700EF8062 /* AppDelegate.swift */,
				76F32BF321EC7AA700EF8062 /* Assets.xcassets */,
				76F32BF521EC7AA700EF8062 /* LaunchScreen.storyboard */,
				76F32BF821EC7AA700EF8062 /* Info.plist */,
			);
			path = picshowteam;
			sourceTree = "<group>";
		};
		76F32C0021EC7AA800EF8062 /* picshowteamTests */ = {
			isa = PBXGroup;
			children = (
				76F32C0121EC7AA800EF8062 /* picshowteamTests.swift */,
				76F32C0321EC7AA800EF8062 /* Info.plist */,
			);
			path = picshowteamTests;
			sourceTree = "<group>";
		};
		76F32C1021ECB21500EF8062 /* UI */ = {
			isa = PBXGroup;
			children = (
				76F32BF021EC7AA700EF8062 /* Main.storyboard */,
				76F32C1221ECB23B00EF8062 /* Views */,
				76F32C1121ECB23200EF8062 /* ViewControllers */,
			);
			path = UI;
			sourceTree = "<group>";
		};
		76F32C1121ECB23200EF8062 /* ViewControllers */ = {
			isa = PBXGroup;
			children = (
				76F32BEE21EC7AA700EF8062 /* ImageCollectionViewController.swift */,
			);
			path = ViewControllers;
			sourceTree = "<group>";
		};
		76F32C1221ECB23B00EF8062 /* Views */ = {
			isa = PBXGroup;
			children = (
				76F32C1821ECCA8500EF8062 /* ImageCell.swift */,
				76F32C1A21ECD1FD00EF8062 /* AsyncImageView.swift */,
				76F32C1C21EDC2D900EF8062 /* ImageCollectionSearchReusableView.swift */,
			);
			path = Views;
			sourceTree = "<group>";
		};
		76F32C1321ECB24600EF8062 /* Networking */ = {
			isa = PBXGroup;
			children = (
				76F32C0E21EC825E00EF8062 /* FlickerProvider.swift */,
			);
			path = Networking;
			sourceTree = "<group>";
		};
		76F32C1421ECB25000EF8062 /* Models */ = {
			isa = PBXGroup;
			children = (
				76F32C1621ECB28A00EF8062 /* ImageModel.swift */,
			);
			path = Models;
			sourceTree = "<group>";
		};
		76F32C1521ECB25C00EF8062 /* Controllers */ = {
			isa = PBXGroup;
			children = (
				76F32C0C21EC7C7E00EF8062 /* ImageProvider.swift */,
			);
			path = Controllers;
			sourceTree = "<group>";
		};
		A7D611BA0F66B36D8901DC84 /* Pods */ = {
			isa = PBXGroup;
			children = (
				EA061301DC1A10C6EA2C5495 /* Pods-picshowteam.debug.xcconfig */,
				FFE2C543C2928E7B4F49F15C /* Pods-picshowteam.release.xcconfig */,
				E371688DA3B244C53325E197 /* Pods-picshowteamTests.debug.xcconfig */,
				64D90BB6B219CEB29C89FBB1 /* Pods-picshowteamTests.release.xcconfig */,
			);
			name = Pods;
			sourceTree = "<group>";
		};
/* End PBXGroup section */

/* Begin PBXNativeTarget section */
		76F32BE821EC7AA700EF8062 /* picshowteam */ = {
			isa = PBXNativeTarget;
			buildConfigurationList = 76F32C0621EC7AA800EF8062 /* Build configuration list for PBXNativeTarget "picshowteam" */;
			buildPhases = (
				AC01DE9BF623C1AD1210C7E1 /* [CP] Check Pods Manifest.lock */,
				76F32BE521EC7AA700EF8062 /* Sources */,
				76F32BE621EC7AA700EF8062 /* Frameworks */,
				76F32BE721EC7AA700EF8062 /* Resources */,
				FCA1EC6B3AEBF6E676CA78FF /* [CP] Embed Pods Frameworks */,
			);
			buildRules = (
			);
			dependencies = (
			);
			name = picshowteam;
			productName = picshowteam;
			productReference = 76F32BE921EC7AA700EF8062 /* picshowteam.app */;
			productType = "com.apple.product-type.application";
		};
		76F32BFC21EC7AA700EF8062 /* picshowteamTests */ = {
			isa = PBXNativeTarget;
			buildConfigurationList = 76F32C0921EC7AA800EF8062 /* Build configuration list for PBXNativeTarget "picshowteamTests" */;
			buildPhases = (
				619A34B279DA5DC0E643FB9D /* [CP] Check Pods Manifest.lock */,
				76F32BF921EC7AA700EF8062 /* Sources */,
				76F32BFA21EC7AA700EF8062 /* Frameworks */,
				76F32BFB21EC7AA700EF8062 /* Resources */,
			);
			buildRules = (
			);
			dependencies = (
				76F32BFF21EC7AA800EF8062 /* PBXTargetDependency */,
			);
			name = picshowteamTests;
			productName = picshowteamTests;
			productReference = 76F32BFD21EC7AA700EF8062 /* picshowteamTests.xctest */;
			productType = "com.apple.product-type.bundle.unit-test";
		};
/* End PBXNativeTarget section */

/* Begin PBXProject section */
		76F32BE121EC7AA700EF8062 /* Project object */ = {
			isa = PBXProject;
			attributes = {
				LastSwiftUpdateCheck = 1010;
				LastUpgradeCheck = 1010;
				ORGANIZATIONNAME = "Oleksii Kozulin";
				TargetAttributes = {
					76F32BE821EC7AA700EF8062 = {
						CreatedOnToolsVersion = 10.1;
					};
					76F32BFC21EC7AA700EF8062 = {
						CreatedOnToolsVersion = 10.1;
						TestTargetID = 76F32BE821EC7AA700EF8062;
					};
				};
			};
			buildConfigurationList = 76F32BE421EC7AA700EF8062 /* Build configuration list for PBXProject "picshowteam" */;
			compatibilityVersion = "Xcode 9.3";
			developmentRegion = en;
			hasScannedForEncodings = 0;
			knownRegions = (
				en,
				Base,
			);
			mainGroup = 76F32BE021EC7AA700EF8062;
			productRefGroup = 76F32BEA21EC7AA700EF8062 /* Products */;
			projectDirPath = "";
			projectRoot = "";
			targets = (
				76F32BE821EC7AA700EF8062 /* picshowteam */,
				76F32BFC21EC7AA700EF8062 /* picshowteamTests */,
			);
		};
/* End PBXProject section */

/* Begin PBXResourcesBuildPhase section */
		76F32BE721EC7AA700EF8062 /* Resources */ = {
			isa = PBXResourcesBuildPhase;
			buildActionMask = 2147483647;
			files = (
				76F32BF721EC7AA700EF8062 /* LaunchScreen.storyboard in Resources */,
				76F32BF421EC7AA700EF8062 /* Assets.xcassets in Resources */,
				76F32BF221EC7AA700EF8062 /* Main.storyboard in Resources */,
			);
			runOnlyForDeploymentPostprocessing = 0;
		};
		76F32BFB21EC7AA700EF8062 /* Resources */ = {
			isa = PBXResourcesBuildPhase;
			buildActionMask = 2147483647;
			files = (
			);
			runOnlyForDeploymentPostprocessing = 0;
		};
/* End PBXResourcesBuildPhase section */

/* Begin PBXShellScriptBuildPhase section */
		619A34B279DA5DC0E643FB9D /* [CP] Check Pods Manifest.lock */ = {
			isa = PBXShellScriptBuildPhase;
			buildActionMask = 2147483647;
			files = (
			);
			inputFileListPaths = (
			);
			inputPaths = (
				"${PODS_PODFILE_DIR_PATH}/Podfile.lock",
				"${PODS_ROOT}/Manifest.lock",
			);
			name = "[CP] Check Pods Manifest.lock";
			outputFileListPaths = (
			);
			outputPaths = (
				"$(DERIVED_FILE_DIR)/Pods-picshowteamTests-checkManifestLockResult.txt",
			);
			runOnlyForDeploymentPostprocessing = 0;
			shellPath = /bin/sh;
			shellScript = "diff \"${PODS_PODFILE_DIR_PATH}/Podfile.lock\" \"${PODS_ROOT}/Manifest.lock\" > /dev/null\nif [ $? != 0 ] ; then\n    # print error to STDERR\n    echo \"error: The sandbox is not in sync with the Podfile.lock. Run 'pod install' or update your CocoaPods installation.\" >&2\n    exit 1\nfi\n# This output is used by Xcode 'outputs' to avoid re-running this script phase.\necho \"SUCCESS\" > \"${SCRIPT_OUTPUT_FILE_0}\"\n";
			showEnvVarsInLog = 0;
		};
		AC01DE9BF623C1AD1210C7E1 /* [CP] Check Pods Manifest.lock */ = {
			isa = PBXShellScriptBuildPhase;
			buildActionMask = 2147483647;
			files = (
			);
			inputFileListPaths = (
			);
			inputPaths = (
				"${PODS_PODFILE_DIR_PATH}/Podfile.lock",
				"${PODS_ROOT}/Manifest.lock",
			);
			name = "[CP] Check Pods Manifest.lock";
			outputFileListPaths = (
			);
			outputPaths = (
				"$(DERIVED_FILE_DIR)/Pods-picshowteam-checkManifestLockResult.txt",
			);
			runOnlyForDeploymentPostprocessing = 0;
			shellPath = /bin/sh;
			shellScript = "diff \"${PODS_PODFILE_DIR_PATH}/Podfile.lock\" \"${PODS_ROOT}/Manifest.lock\" > /dev/null\nif [ $? != 0 ] ; then\n    # print error to STDERR\n    echo \"error: The sandbox is not in sync with the Podfile.lock. Run 'pod install' or update your CocoaPods installation.\" >&2\n    exit 1\nfi\n# This output is used by Xcode 'outputs' to avoid re-running this script phase.\necho \"SUCCESS\" > \"${SCRIPT_OUTPUT_FILE_0}\"\n";
			showEnvVarsInLog = 0;
		};
		FCA1EC6B3AEBF6E676CA78FF /* [CP] Embed Pods Frameworks */ = {
			isa = PBXShellScriptBuildPhase;
			buildActionMask = 2147483647;
			files = (
			);
			inputFileListPaths = (
			);
			inputPaths = (
				"${SRCROOT}/Pods/Target Support Files/Pods-picshowteam/Pods-picshowteam-frameworks.sh",
				"${BUILT_PRODUCTS_DIR}/ImageViewer/ImageViewer.framework",
			);
			name = "[CP] Embed Pods Frameworks";
			outputFileListPaths = (
			);
			outputPaths = (
				"${TARGET_BUILD_DIR}/${FRAMEWORKS_FOLDER_PATH}/ImageViewer.framework",
			);
			runOnlyForDeploymentPostprocessing = 0;
			shellPath = /bin/sh;
			shellScript = "\"${SRCROOT}/Pods/Target Support Files/Pods-picshowteam/Pods-picshowteam-frameworks.sh\"\n";
			showEnvVarsInLog = 0;
		};
/* End PBXShellScriptBuildPhase section */

/* Begin PBXSourcesBuildPhase section */
		76F32BE521EC7AA700EF8062 /* Sources */ = {
			isa = PBXSourcesBuildPhase;
			buildActionMask = 2147483647;
			files = (
				76F32BEF21EC7AA700EF8062 /* ImageCollectionViewController.swift in Sources */,
				76F32C1721ECB28A00EF8062 /* ImageModel.swift in Sources */,
				76F32BED21EC7AA700EF8062 /* AppDelegate.swift in Sources */,
				76F32C0D21EC7C7E00EF8062 /* ImageProvider.swift in Sources */,
				76F32C0F21EC825E00EF8062 /* FlickerProvider.swift in Sources */,
				76F32C1D21EDC2D900EF8062 /* ImageCollectionSearchReusableView.swift in Sources */,
				76F32C1921ECCA8500EF8062 /* ImageCell.swift in Sources */,
				76F32C1B21ECD1FD00EF8062 /* AsyncImageView.swift in Sources */,
			);
			runOnlyForDeploymentPostprocessing = 0;
		};
		76F32BF921EC7AA700EF8062 /* Sources */ = {
			isa = PBXSourcesBuildPhase;
			buildActionMask = 2147483647;
			files = (
				76F32C0221EC7AA800EF8062 /* picshowteamTests.swift in Sources */,
			);
			runOnlyForDeploymentPostprocessing = 0;
		};
/* End PBXSourcesBuildPhase section */

/* Begin PBXTargetDependency section */
		76F32BFF21EC7AA800EF8062 /* PBXTargetDependency */ = {
			isa = PBXTargetDependency;
			target = 76F32BE821EC7AA700EF8062 /* picshowteam */;
			targetProxy = 76F32BFE21EC7AA800EF8062 /* PBXContainerItemProxy */;
		};
/* End PBXTargetDependency section */

/* Begin PBXVariantGroup section */
		76F32BF021EC7AA700EF8062 /* Main.storyboard */ = {
			isa = PBXVariantGroup;
			children = (
				76F32BF121EC7AA700EF8062 /* Base */,
			);
			name = Main.storyboard;
			sourceTree = "<group>";
		};
		76F32BF521EC7AA700EF8062 /* LaunchScreen.storyboard */ = {
			isa = PBXVariantGroup;
			children = (
				76F32BF621EC7AA700EF8062 /* Base */,
			);
			name = LaunchScreen.storyboard;
			sourceTree = "<group>";
		};
/* End PBXVariantGroup section */

/* Begin XCBuildConfiguration section */
		76F32C0421EC7AA800EF8062 /* Debug */ = {
			isa = XCBuildConfiguration;
			buildSettings = {
				ALWAYS_SEARCH_USER_PATHS = NO;
				CLANG_ANALYZER_NONNULL = YES;
				CLANG_ANALYZER_NUMBER_OBJECT_CONVERSION = YES_AGGRESSIVE;
				CLANG_CXX_LANGUAGE_STANDARD = "gnu++14";
				CLANG_CXX_LIBRARY = "libc++";
				CLANG_ENABLE_MODULES = YES;
				CLANG_ENABLE_OBJC_ARC = YES;
				CLANG_ENABLE_OBJC_WEAK = YES;
				CLANG_WARN_BLOCK_CAPTURE_AUTORELEASING = YES;
				CLANG_WARN_BOOL_CONVERSION = YES;
				CLANG_WARN_COMMA = YES;
				CLANG_WARN_CONSTANT_CONVERSION = YES;
				CLANG_WARN_DEPRECATED_OBJC_IMPLEMENTATIONS = YES;
				CLANG_WARN_DIRECT_OBJC_ISA_USAGE = YES_ERROR;
				CLANG_WARN_DOCUMENTATION_COMMENTS = YES;
				CLANG_WARN_EMPTY_BODY = YES;
				CLANG_WARN_ENUM_CONVERSION = YES;
				CLANG_WARN_INFINITE_RECURSION = YES;
				CLANG_WARN_INT_CONVERSION = YES;
				CLANG_WARN_NON_LITERAL_NULL_CONVERSION = YES;
				CLANG_WARN_OBJC_IMPLICIT_RETAIN_SELF = YES;
				CLANG_WARN_OBJC_LITERAL_CONVERSION = YES;
				CLANG_WARN_OBJC_ROOT_CLASS = YES_ERROR;
				CLANG_WARN_RANGE_LOOP_ANALYSIS = YES;
				CLANG_WARN_STRICT_PROTOTYPES = YES;
				CLANG_WARN_SUSPICIOUS_MOVE = YES;
				CLANG_WARN_UNGUARDED_AVAILABILITY = YES_AGGRESSIVE;
				CLANG_WARN_UNREACHABLE_CODE = YES;
				CLANG_WARN__DUPLICATE_METHOD_MATCH = YES;
				CODE_SIGN_IDENTITY = "iPhone Developer";
				COPY_PHASE_STRIP = NO;
				DEBUG_INFORMATION_FORMAT = dwarf;
				ENABLE_STRICT_OBJC_MSGSEND = YES;
				ENABLE_TESTABILITY = YES;
				GCC_C_LANGUAGE_STANDARD = gnu11;
				GCC_DYNAMIC_NO_PIC = NO;
				GCC_NO_COMMON_BLOCKS = YES;
				GCC_OPTIMIZATION_LEVEL = 0;
				GCC_PREPROCESSOR_DEFINITIONS = (
					"DEBUG=1",
					"$(inherited)",
				);
				GCC_WARN_64_TO_32_BIT_CONVERSION = YES;
				GCC_WARN_ABOUT_RETURN_TYPE = YES_ERROR;
				GCC_WARN_UNDECLARED_SELECTOR = YES;
				GCC_WARN_UNINITIALIZED_AUTOS = YES_AGGRESSIVE;
				GCC_WARN_UNUSED_FUNCTION = YES;
				GCC_WARN_UNUSED_VARIABLE = YES;
				IPHONEOS_DEPLOYMENT_TARGET = 12.1;
				MTL_ENABLE_DEBUG_INFO = INCLUDE_SOURCE;
				MTL_FAST_MATH = YES;
				ONLY_ACTIVE_ARCH = YES;
				SDKROOT = iphoneos;
				SWIFT_ACTIVE_COMPILATION_CONDITIONS = DEBUG;
				SWIFT_OPTIMIZATION_LEVEL = "-Onone";
			};
			name = Debug;
		};
		76F32C0521EC7AA800EF8062 /* Release */ = {
			isa = XCBuildConfiguration;
			buildSettings = {
				ALWAYS_SEARCH_USER_PATHS = NO;
				CLANG_ANALYZER_NONNULL = YES;
				CLANG_ANALYZER_NUMBER_OBJECT_CONVERSION = YES_AGGRESSIVE;
				CLANG_CXX_LANGUAGE_STANDARD = "gnu++14";
				CLANG_CXX_LIBRARY = "libc++";
				CLANG_ENABLE_MODULES = YES;
				CLANG_ENABLE_OBJC_ARC = YES;
				CLANG_ENABLE_OBJC_WEAK = YES;
				CLANG_WARN_BLOCK_CAPTURE_AUTORELEASING = YES;
				CLANG_WARN_BOOL_CONVERSION = YES;
				CLANG_WARN_COMMA = YES;
				CLANG_WARN_CONSTANT_CONVERSION = YES;
				CLANG_WARN_DEPRECATED_OBJC_IMPLEMENTATIONS = YES;
				CLANG_WARN_DIRECT_OBJC_ISA_USAGE = YES_ERROR;
				CLANG_WARN_DOCUMENTATION_COMMENTS = YES;
				CLANG_WARN_EMPTY_BODY = YES;
				CLANG_WARN_ENUM_CONVERSION = YES;
				CLANG_WARN_INFINITE_RECURSION = YES;
				CLANG_WARN_INT_CONVERSION = YES;
				CLANG_WARN_NON_LITERAL_NULL_CONVERSION = YES;
				CLANG_WARN_OBJC_IMPLICIT_RETAIN_SELF = YES;
				CLANG_WARN_OBJC_LITERAL_CONVERSION = YES;
				CLANG_WARN_OBJC_ROOT_CLASS = YES_ERROR;
				CLANG_WARN_RANGE_LOOP_ANALYSIS = YES;
				CLANG_WARN_STRICT_PROTOTYPES = YES;
				CLANG_WARN_SUSPICIOUS_MOVE = YES;
				CLANG_WARN_UNGUARDED_AVAILABILITY = YES_AGGRESSIVE;
				CLANG_WARN_UNREACHABLE_CODE = YES;
				CLANG_WARN__DUPLICATE_METHOD_MATCH = YES;
				CODE_SIGN_IDENTITY = "iPhone Developer";
				COPY_PHASE_STRIP = NO;
				DEBUG_INFORMATION_FORMAT = "dwarf-with-dsym";
				ENABLE_NS_ASSERTIONS = NO;
				ENABLE_STRICT_OBJC_MSGSEND = YES;
				GCC_C_LANGUAGE_STANDARD = gnu11;
				GCC_NO_COMMON_BLOCKS = YES;
				GCC_WARN_64_TO_32_BIT_CONVERSION = YES;
				GCC_WARN_ABOUT_RETURN_TYPE = YES_ERROR;
				GCC_WARN_UNDECLARED_SELECTOR = YES;
				GCC_WARN_UNINITIALIZED_AUTOS = YES_AGGRESSIVE;
				GCC_WARN_UNUSED_FUNCTION = YES;
				GCC_WARN_UNUSED_VARIABLE = YES;
				IPHONEOS_DEPLOYMENT_TARGET = 12.1;
				MTL_ENABLE_DEBUG_INFO = NO;
				MTL_FAST_MATH = YES;
				SDKROOT = iphoneos;
				SWIFT_COMPILATION_MODE = wholemodule;
				SWIFT_OPTIMIZATION_LEVEL = "-O";
				VALIDATE_PRODUCT = YES;
			};
			name = Release;
		};
		76F32C0721EC7AA800EF8062 /* Debug */ = {
			isa = XCBuildConfiguration;
			baseConfigurationReference = EA061301DC1A10C6EA2C5495 /* Pods-picshowteam.debug.xcconfig */;
			buildSettings = {
				ASSETCATALOG_COMPILER_APPICON_NAME = AppIcon;
				CODE_SIGN_STYLE = Automatic;
				INFOPLIST_FILE = picshowteam/Info.plist;
				LD_RUNPATH_SEARCH_PATHS = (
					"$(inherited)",
					"@executable_path/Frameworks",
				);
				PRODUCT_BUNDLE_IDENTIFIER = jlexyc.picshowteam;
				PRODUCT_NAME = "$(TARGET_NAME)";
				SWIFT_VERSION = 4.2;
				TARGETED_DEVICE_FAMILY = "1,2";
			};
			name = Debug;
		};
		76F32C0821EC7AA800EF8062 /* Release */ = {
			isa = XCBuildConfiguration;
			baseConfigurationReference = FFE2C543C2928E7B4F49F15C /* Pods-picshowteam.release.xcconfig */;
			buildSettings = {
				ASSETCATALOG_COMPILER_APPICON_NAME = AppIcon;
				CODE_SIGN_STYLE = Automatic;
				INFOPLIST_FILE = picshowteam/Info.plist;
				LD_RUNPATH_SEARCH_PATHS = (
					"$(inherited)",
					"@executable_path/Frameworks",
				);
				PRODUCT_BUNDLE_IDENTIFIER = jlexyc.picshowteam;
				PRODUCT_NAME = "$(TARGET_NAME)";
				SWIFT_VERSION = 4.2;
				TARGETED_DEVICE_FAMILY = "1,2";
			};
			name = Release;
		};
		76F32C0A21EC7AA800EF8062 /* Debug */ = {
			isa = XCBuildConfiguration;
			baseConfigurationReference = E371688DA3B244C53325E197 /* Pods-picshowteamTests.debug.xcconfig */;
			buildSettings = {
				ALWAYS_EMBED_SWIFT_STANDARD_LIBRARIES = YES;
				BUNDLE_LOADER = "$(TEST_HOST)";
				CODE_SIGN_STYLE = Automatic;
				INFOPLIST_FILE = picshowteamTests/Info.plist;
				LD_RUNPATH_SEARCH_PATHS = (
					"$(inherited)",
					"@executable_path/Frameworks",
					"@loader_path/Frameworks",
				);
				PRODUCT_BUNDLE_IDENTIFIER = jlexyc.picshowteamTests;
				PRODUCT_NAME = "$(TARGET_NAME)";
				SWIFT_VERSION = 4.2;
				TARGETED_DEVICE_FAMILY = "1,2";
				TEST_HOST = "$(BUILT_PRODUCTS_DIR)/picshowteam.app/picshowteam";
			};
			name = Debug;
		};
		76F32C0B21EC7AA800EF8062 /* Release */ = {
			isa = XCBuildConfiguration;
			baseConfigurationReference = 64D90BB6B219CEB29C89FBB1 /* Pods-picshowteamTests.release.xcconfig */;
			buildSettings = {
				ALWAYS_EMBED_SWIFT_STANDARD_LIBRARIES = YES;
				BUNDLE_LOADER = "$(TEST_HOST)";
				CODE_SIGN_STYLE = Automatic;
				INFOPLIST_FILE = picshowteamTests/Info.plist;
				LD_RUNPATH_SEARCH_PATHS = (
					"$(inherited)",
					"@executable_path/Frameworks",
					"@loader_path/Frameworks",
				);
				PRODUCT_BUNDLE_IDENTIFIER = jlexyc.picshowteamTests;
				PRODUCT_NAME = "$(TARGET_NAME)";
				SWIFT_VERSION = 4.2;
				TARGETED_DEVICE_FAMILY = "1,2";
				TEST_HOST = "$(BUILT_PRODUCTS_DIR)/picshowteam.app/picshowteam";
			};
			name = Release;
		};
/* End XCBuildConfiguration section */

/* Begin XCConfigurationList section */
		76F32BE421EC7AA700EF8062 /* Build configuration list for PBXProject "picshowteam" */ = {
			isa = XCConfigurationList;
			buildConfigurations = (
				76F32C0421EC7AA800EF8062 /* Debug */,
				76F32C0521EC7AA800EF8062 /* Release */,
			);
			defaultConfigurationIsVisible = 0;
			defaultConfigurationName = Release;
		};
		76F32C0621EC7AA800EF8062 /* Build configuration list for PBXNativeTarget "picshowteam" */ = {
			isa = XCConfigurationList;
			buildConfigurations = (
				76F32C0721EC7AA800EF8062 /* Debug */,
				76F32C0821EC7AA800EF8062 /* Release */,
			);
			defaultConfigurationIsVisible = 0;
			defaultConfigurationName = Release;
		};
		76F32C0921EC7AA800EF8062 /* Build configuration list for PBXNativeTarget "picshowteamTests" */ = {
			isa = XCConfigurationList;
			buildConfigurations = (
				76F32C0A21EC7AA800EF8062 /* Debug */,
				76F32C0B21EC7AA800EF8062 /* Release */,
			);
			defaultConfigurationIsVisible = 0;
			defaultConfigurationName = Release;
		};
/* End XCConfigurationList section */
	};
	rootObject = 76F32BE121EC7AA700EF8062 /* Project object */;
}
